
Microsoft Visual Studio Solution File, Format Version 12.00
# Visual Studio Version 17
VisualStudioVersion = 17.0.31815.197
MinimumVisualStudioVersion = 10.0.40219.1
Project("{2150E333-8FDC-42A3-9474-1A3956D46DE8}") = "src", "src", "{AA8D4BF9-9014-4AE8-A8E3-5D4520AC8D65}"
EndProject
Project("{9A19103F-16F7-4668-BE54-9A1E7A4F7556}") = "Markdig.SyntaxHighlighting.Tests", "submodules\Markdig.SyntaxHighlighting\src\Markdig.SyntaxHighlighting.Tests\Markdig.SyntaxHighlighting.Tests.csproj", "{B0696B7B-33C0-49B3-B8B2-DE07A7FCFBE9}"
EndProject
Project("{2150E333-8FDC-42A3-9474-1A3956D46DE8}") = "tests", "tests", "{063A4721-8CF4-45E1-8C31-1063205BC075}"
EndProject
Project("{9A19103F-16F7-4668-BE54-9A1E7A4F7556}") = "MDS.AspnetServices.Tests", "tests\MDS.AspnetServices.Tests\MDS.AspnetServices.Tests.csproj", "{2009E285-78D6-4EC4-8082-5FC798C50BFF}"
EndProject
Project("{9A19103F-16F7-4668-BE54-9A1E7A4F7556}") = "MDS.TestSite", "tests\MDS.TestSite\MDS.TestSite.csproj", "{D24C70A5-4564-40EA-87FA-B5D68B235B5D}"
EndProject
Project("{2150E333-8FDC-42A3-9474-1A3956D46DE8}") = "Solution Items", "Solution Items", "{C04FEC82-E662-4F79-90F9-E0697015649D}"
	ProjectSection(SolutionItems) = preProject
		.editorconfig = .editorconfig
		.gitignore = .gitignore
		.github\FUNDING.yml = .github\FUNDING.yml
		GitVersion.yml = GitVersion.yml
		global.json = global.json
		.github\workflows\main.yml = .github\workflows\main.yml
	EndProjectSection
EndProject
Project("{2150E333-8FDC-42A3-9474-1A3956D46DE8}") = "submodules", "submodules", "{EB8E9F97-1D9F-4A09-80A6-E7F987CCE5BC}"
EndProject
Project("{2150E333-8FDC-42A3-9474-1A3956D46DE8}") = "ColorCodePortable", "ColorCodePortable", "{727F8265-13ED-4955-80CF-001A7F90545A}"
EndProject
Project("{9A19103F-16F7-4668-BE54-9A1E7A4F7556}") = "MDS.ColorCodePortable", "submodules\ColorCodePortable\MDS.ColorCodePortable\MDS.ColorCodePortable.csproj", "{14202759-CD0A-4CD0-BFB4-87D08808DF73}"
EndProject
Project("{2150E333-8FDC-42A3-9474-1A3956D46DE8}") = "Markdig.SyntaxHighlighting", "Markdig.SyntaxHighlighting", "{42278AC9-02CE-4B2E-9BC8-3669D65E4ED8}"
EndProject
Project("{2150E333-8FDC-42A3-9474-1A3956D46DE8}") = "src", "src", "{2F8E6916-1369-44DC-A4CE-320108B7ACD0}"
EndProject
Project("{9A19103F-16F7-4668-BE54-9A1E7A4F7556}") = "MDS.Markdig.SyntaxHighlighting", "submodules\Markdig.SyntaxHighlighting\src\MDS.Markdig.SyntaxHighlighting\MDS.Markdig.SyntaxHighlighting.csproj", "{E050EAEE-5228-4FEA-A941-C7CCABCE356C}"
EndProject
Project("{9A19103F-16F7-4668-BE54-9A1E7A4F7556}") = "MDS.AspnetServices", "src\MDS.AspnetServices\MDS.AspnetServices.csproj", "{571E9CA9-E784-4527-8E29-92E50883365F}"
EndProject
Project("{9A19103F-16F7-4668-BE54-9A1E7A4F7556}") = "MDS.AppFramework", "src\MDS.AppFramework\MDS.AppFramework.csproj", "{B0B70DE9-A2E1-49AE-AD12-626CE104166C}"
EndProject
Project("{9A19103F-16F7-4668-BE54-9A1E7A4F7556}") = "antlr4", "src\antlr4\antlr4.csproj", "{303B33C3-A525-4000-8D96-2AFC4EFE1635}"
EndProject
Project("{9A19103F-16F7-4668-BE54-9A1E7A4F7556}") = "MDS.MarkdownParser.TestHarness", "src\MDS.MarkdownParser.TestHarness\MDS.MarkdownParser.TestHarness.csproj", "{377F3794-E9BB-410E-A173-B57902B02FE5}"
EndProject
Project("{9A19103F-16F7-4668-BE54-9A1E7A4F7556}") = "MDS.MarkdownParser.TestHarness.Core", "src\MDS.MarkdownParser.TestHarness.Core\MDS.MarkdownParser.TestHarness.Core.csproj", "{0114871E-C719-4AB6-AFF5-C23638D791FF}"
EndProject
Project("{9A19103F-16F7-4668-BE54-9A1E7A4F7556}") = "MDS.MdBlzr", "MDS.MdBlzr\MDS.MdBlzr.csproj", "{82DC8EF8-4ADA-4E71-86E3-3DF9E28D247A}"
EndProject
Project("{9A19103F-16F7-4668-BE54-9A1E7A4F7556}") = "MDS.Tests.Desktop", "tests\MDS.Tests.Desktop\MDS.Tests.Desktop.csproj", "{A62D138C-D267-47DF-9305-B6AF1E7638B5}"
EndProject
Project("{9A19103F-16F7-4668-BE54-9A1E7A4F7556}") = "MDS.Tests.Desktop.Core", "tests\MDS.Tests.Desktop.Core\MDS.Tests.Desktop.Core.csproj", "{CB33F9E5-A3DE-4482-942B-CB431A9E5C35}"
EndProject
Project("{D954291E-2A0B-460D-934E-DC6B0785DB48}") = "MDS.Tests.WWWROOT", "tests\MDS.Tests.WWWROOT\MDS.Tests.WWWROOT.shproj", "{9CDC4D1C-6C61-4D58-BB4B-ED95934E8E7B}"
EndProject
Global
	GlobalSection(SolutionConfigurationPlatforms) = preSolution
		Debug|Any CPU = Debug|Any CPU
		Debug|arm64 = Debug|arm64
		Debug|x64 = Debug|x64
		Debug|x86 = Debug|x86
		Release|Any CPU = Release|Any CPU
		Release|arm64 = Release|arm64
		Release|x64 = Release|x64
		Release|x86 = Release|x86
	EndGlobalSection
	GlobalSection(ProjectConfigurationPlatforms) = postSolution
		{B0696B7B-33C0-49B3-B8B2-DE07A7FCFBE9}.Debug|Any CPU.ActiveCfg = Debug|Any CPU
		{B0696B7B-33C0-49B3-B8B2-DE07A7FCFBE9}.Debug|Any CPU.Build.0 = Debug|Any CPU
		{B0696B7B-33C0-49B3-B8B2-DE07A7FCFBE9}.Debug|arm64.ActiveCfg = Debug|Any CPU
		{B0696B7B-33C0-49B3-B8B2-DE07A7FCFBE9}.Debug|arm64.Build.0 = Debug|Any CPU
		{B0696B7B-33C0-49B3-B8B2-DE07A7FCFBE9}.Debug|x64.ActiveCfg = Debug|x64
		{B0696B7B-33C0-49B3-B8B2-DE07A7FCFBE9}.Debug|x64.Build.0 = Debug|x64
		{B0696B7B-33C0-49B3-B8B2-DE07A7FCFBE9}.Debug|x86.ActiveCfg = Debug|Any CPU
		{B0696B7B-33C0-49B3-B8B2-DE07A7FCFBE9}.Debug|x86.Build.0 = Debug|Any CPU
		{B0696B7B-33C0-49B3-B8B2-DE07A7FCFBE9}.Release|Any CPU.ActiveCfg = Release|Any CPU
		{B0696B7B-33C0-49B3-B8B2-DE07A7FCFBE9}.Release|Any CPU.Build.0 = Release|Any CPU
		{B0696B7B-33C0-49B3-B8B2-DE07A7FCFBE9}.Release|arm64.ActiveCfg = Release|Any CPU
		{B0696B7B-33C0-49B3-B8B2-DE07A7FCFBE9}.Release|arm64.Build.0 = Release|Any CPU
		{B0696B7B-33C0-49B3-B8B2-DE07A7FCFBE9}.Release|x64.ActiveCfg = Release|x64
		{B0696B7B-33C0-49B3-B8B2-DE07A7FCFBE9}.Release|x64.Build.0 = Release|x64
		{B0696B7B-33C0-49B3-B8B2-DE07A7FCFBE9}.Release|x86.ActiveCfg = Release|Any CPU
		{B0696B7B-33C0-49B3-B8B2-DE07A7FCFBE9}.Release|x86.Build.0 = Release|Any CPU
		{2009E285-78D6-4EC4-8082-5FC798C50BFF}.Debug|Any CPU.ActiveCfg = Debug|Any CPU
		{2009E285-78D6-4EC4-8082-5FC798C50BFF}.Debug|Any CPU.Build.0 = Debug|Any CPU
		{2009E285-78D6-4EC4-8082-5FC798C50BFF}.Debug|arm64.ActiveCfg = Debug|Any CPU
		{2009E285-78D6-4EC4-8082-5FC798C50BFF}.Debug|arm64.Build.0 = Debug|Any CPU
		{2009E285-78D6-4EC4-8082-5FC798C50BFF}.Debug|x64.ActiveCfg = Debug|x64
		{2009E285-78D6-4EC4-8082-5FC798C50BFF}.Debug|x64.Build.0 = Debug|x64
		{2009E285-78D6-4EC4-8082-5FC798C50BFF}.Debug|x86.ActiveCfg = Debug|x86
		{2009E285-78D6-4EC4-8082-5FC798C50BFF}.Debug|x86.Build.0 = Debug|x86
		{2009E285-78D6-4EC4-8082-5FC798C50BFF}.Release|Any CPU.ActiveCfg = Release|Any CPU
		{2009E285-78D6-4EC4-8082-5FC798C50BFF}.Release|Any CPU.Build.0 = Release|Any CPU
		{2009E285-78D6-4EC4-8082-5FC798C50BFF}.Release|arm64.ActiveCfg = Release|Any CPU
		{2009E285-78D6-4EC4-8082-5FC798C50BFF}.Release|arm64.Build.0 = Release|Any CPU
		{2009E285-78D6-4EC4-8082-5FC798C50BFF}.Release|x64.ActiveCfg = Release|x64
		{2009E285-78D6-4EC4-8082-5FC798C50BFF}.Release|x64.Build.0 = Release|x64
		{2009E285-78D6-4EC4-8082-5FC798C50BFF}.Release|x86.ActiveCfg = Release|x86
		{2009E285-78D6-4EC4-8082-5FC798C50BFF}.Release|x86.Build.0 = Release|x86
		{D24C70A5-4564-40EA-87FA-B5D68B235B5D}.Debug|Any CPU.ActiveCfg = Debug|Any CPU
		{D24C70A5-4564-40EA-87FA-B5D68B235B5D}.Debug|Any CPU.Build.0 = Debug|Any CPU
		{D24C70A5-4564-40EA-87FA-B5D68B235B5D}.Debug|arm64.ActiveCfg = Debug|Any CPU
		{D24C70A5-4564-40EA-87FA-B5D68B235B5D}.Debug|arm64.Build.0 = Debug|Any CPU
		{D24C70A5-4564-40EA-87FA-B5D68B235B5D}.Debug|x64.ActiveCfg = Debug|x64
		{D24C70A5-4564-40EA-87FA-B5D68B235B5D}.Debug|x64.Build.0 = Debug|x64
		{D24C70A5-4564-40EA-87FA-B5D68B235B5D}.Debug|x86.ActiveCfg = Debug|x86
		{D24C70A5-4564-40EA-87FA-B5D68B235B5D}.Debug|x86.Build.0 = Debug|x86
		{D24C70A5-4564-40EA-87FA-B5D68B235B5D}.Release|Any CPU.ActiveCfg = Release|Any CPU
		{D24C70A5-4564-40EA-87FA-B5D68B235B5D}.Release|Any CPU.Build.0 = Release|Any CPU
		{D24C70A5-4564-40EA-87FA-B5D68B235B5D}.Release|arm64.ActiveCfg = Release|Any CPU
		{D24C70A5-4564-40EA-87FA-B5D68B235B5D}.Release|arm64.Build.0 = Release|Any CPU
		{D24C70A5-4564-40EA-87FA-B5D68B235B5D}.Release|x64.ActiveCfg = Release|x64
		{D24C70A5-4564-40EA-87FA-B5D68B235B5D}.Release|x64.Build.0 = Release|x64
		{D24C70A5-4564-40EA-87FA-B5D68B235B5D}.Release|x86.ActiveCfg = Release|x86
		{D24C70A5-4564-40EA-87FA-B5D68B235B5D}.Release|x86.Build.0 = Release|x86
		{14202759-CD0A-4CD0-BFB4-87D08808DF73}.Debug|Any CPU.ActiveCfg = Debug|Any CPU
		{14202759-CD0A-4CD0-BFB4-87D08808DF73}.Debug|Any CPU.Build.0 = Debug|Any CPU
		{14202759-CD0A-4CD0-BFB4-87D08808DF73}.Debug|arm64.ActiveCfg = Debug|Any CPU
		{14202759-CD0A-4CD0-BFB4-87D08808DF73}.Debug|arm64.Build.0 = Debug|Any CPU
		{14202759-CD0A-4CD0-BFB4-87D08808DF73}.Debug|x64.ActiveCfg = Debug|x64
		{14202759-CD0A-4CD0-BFB4-87D08808DF73}.Debug|x64.Build.0 = Debug|x64
		{14202759-CD0A-4CD0-BFB4-87D08808DF73}.Debug|x86.ActiveCfg = Debug|x86
		{14202759-CD0A-4CD0-BFB4-87D08808DF73}.Debug|x86.Build.0 = Debug|x86
		{14202759-CD0A-4CD0-BFB4-87D08808DF73}.Release|Any CPU.ActiveCfg = Release|Any CPU
		{14202759-CD0A-4CD0-BFB4-87D08808DF73}.Release|Any CPU.Build.0 = Release|Any CPU
		{14202759-CD0A-4CD0-BFB4-87D08808DF73}.Release|arm64.ActiveCfg = Release|Any CPU
		{14202759-CD0A-4CD0-BFB4-87D08808DF73}.Release|arm64.Build.0 = Release|Any CPU
		{14202759-CD0A-4CD0-BFB4-87D08808DF73}.Release|x64.ActiveCfg = Release|x64
		{14202759-CD0A-4CD0-BFB4-87D08808DF73}.Release|x64.Build.0 = Release|x64
		{14202759-CD0A-4CD0-BFB4-87D08808DF73}.Release|x86.ActiveCfg = Release|x86
		{14202759-CD0A-4CD0-BFB4-87D08808DF73}.Release|x86.Build.0 = Release|x86
		{E050EAEE-5228-4FEA-A941-C7CCABCE356C}.Debug|Any CPU.ActiveCfg = Debug|Any CPU
		{E050EAEE-5228-4FEA-A941-C7CCABCE356C}.Debug|Any CPU.Build.0 = Debug|Any CPU
		{E050EAEE-5228-4FEA-A941-C7CCABCE356C}.Debug|arm64.ActiveCfg = Debug|Any CPU
		{E050EAEE-5228-4FEA-A941-C7CCABCE356C}.Debug|arm64.Build.0 = Debug|Any CPU
		{E050EAEE-5228-4FEA-A941-C7CCABCE356C}.Debug|x64.ActiveCfg = Debug|x64
		{E050EAEE-5228-4FEA-A941-C7CCABCE356C}.Debug|x64.Build.0 = Debug|x64
		{E050EAEE-5228-4FEA-A941-C7CCABCE356C}.Debug|x86.ActiveCfg = Debug|x86
		{E050EAEE-5228-4FEA-A941-C7CCABCE356C}.Debug|x86.Build.0 = Debug|x86
		{E050EAEE-5228-4FEA-A941-C7CCABCE356C}.Release|Any CPU.ActiveCfg = Release|Any CPU
		{E050EAEE-5228-4FEA-A941-C7CCABCE356C}.Release|Any CPU.Build.0 = Release|Any CPU
		{E050EAEE-5228-4FEA-A941-C7CCABCE356C}.Release|arm64.ActiveCfg = Release|Any CPU
		{E050EAEE-5228-4FEA-A941-C7CCABCE356C}.Release|arm64.Build.0 = Release|Any CPU
		{E050EAEE-5228-4FEA-A941-C7CCABCE356C}.Release|x64.ActiveCfg = Release|x64
		{E050EAEE-5228-4FEA-A941-C7CCABCE356C}.Release|x64.Build.0 = Release|x64
		{E050EAEE-5228-4FEA-A941-C7CCABCE356C}.Release|x86.ActiveCfg = Release|x86
		{E050EAEE-5228-4FEA-A941-C7CCABCE356C}.Release|x86.Build.0 = Release|x86
		{571E9CA9-E784-4527-8E29-92E50883365F}.Debug|Any CPU.ActiveCfg = Debug|Any CPU
		{571E9CA9-E784-4527-8E29-92E50883365F}.Debug|Any CPU.Build.0 = Debug|Any CPU
		{571E9CA9-E784-4527-8E29-92E50883365F}.Debug|arm64.ActiveCfg = Debug|Any CPU
		{571E9CA9-E784-4527-8E29-92E50883365F}.Debug|arm64.Build.0 = Debug|Any CPU
		{571E9CA9-E784-4527-8E29-92E50883365F}.Debug|x64.ActiveCfg = Debug|x64
		{571E9CA9-E784-4527-8E29-92E50883365F}.Debug|x64.Build.0 = Debug|x64
		{571E9CA9-E784-4527-8E29-92E50883365F}.Debug|x86.ActiveCfg = Debug|x86
		{571E9CA9-E784-4527-8E29-92E50883365F}.Debug|x86.Build.0 = Debug|x86
		{571E9CA9-E784-4527-8E29-92E50883365F}.Release|Any CPU.ActiveCfg = Release|Any CPU
		{571E9CA9-E784-4527-8E29-92E50883365F}.Release|Any CPU.Build.0 = Release|Any CPU
		{571E9CA9-E784-4527-8E29-92E50883365F}.Release|arm64.ActiveCfg = Release|Any CPU
		{571E9CA9-E784-4527-8E29-92E50883365F}.Release|arm64.Build.0 = Release|Any CPU
		{571E9CA9-E784-4527-8E29-92E50883365F}.Release|x64.ActiveCfg = Release|x64
		{571E9CA9-E784-4527-8E29-92E50883365F}.Release|x64.Build.0 = Release|x64
		{571E9CA9-E784-4527-8E29-92E50883365F}.Release|x86.ActiveCfg = Release|x86
		{571E9CA9-E784-4527-8E29-92E50883365F}.Release|x86.Build.0 = Release|x86
		{B0B70DE9-A2E1-49AE-AD12-626CE104166C}.Debug|Any CPU.ActiveCfg = Debug|Any CPU
		{B0B70DE9-A2E1-49AE-AD12-626CE104166C}.Debug|Any CPU.Build.0 = Debug|Any CPU
		{B0B70DE9-A2E1-49AE-AD12-626CE104166C}.Debug|arm64.ActiveCfg = Debug|Any CPU
		{B0B70DE9-A2E1-49AE-AD12-626CE104166C}.Debug|arm64.Build.0 = Debug|Any CPU
		{B0B70DE9-A2E1-49AE-AD12-626CE104166C}.Debug|x64.ActiveCfg = Debug|x64
		{B0B70DE9-A2E1-49AE-AD12-626CE104166C}.Debug|x64.Build.0 = Debug|x64
		{B0B70DE9-A2E1-49AE-AD12-626CE104166C}.Debug|x86.ActiveCfg = Debug|x86
		{B0B70DE9-A2E1-49AE-AD12-626CE104166C}.Debug|x86.Build.0 = Debug|x86
		{B0B70DE9-A2E1-49AE-AD12-626CE104166C}.Release|Any CPU.ActiveCfg = Release|Any CPU
		{B0B70DE9-A2E1-49AE-AD12-626CE104166C}.Release|Any CPU.Build.0 = Release|Any CPU
		{B0B70DE9-A2E1-49AE-AD12-626CE104166C}.Release|arm64.ActiveCfg = Release|Any CPU
		{B0B70DE9-A2E1-49AE-AD12-626CE104166C}.Release|arm64.Build.0 = Release|Any CPU
		{B0B70DE9-A2E1-49AE-AD12-626CE104166C}.Release|x64.ActiveCfg = Release|x64
		{B0B70DE9-A2E1-49AE-AD12-626CE104166C}.Release|x64.Build.0 = Release|x64
		{B0B70DE9-A2E1-49AE-AD12-626CE104166C}.Release|x86.ActiveCfg = Release|x86
		{B0B70DE9-A2E1-49AE-AD12-626CE104166C}.Release|x86.Build.0 = Release|x86
		{303B33C3-A525-4000-8D96-2AFC4EFE1635}.Debug|Any CPU.ActiveCfg = Debug|Any CPU
		{303B33C3-A525-4000-8D96-2AFC4EFE1635}.Debug|Any CPU.Build.0 = Debug|Any CPU
		{303B33C3-A525-4000-8D96-2AFC4EFE1635}.Debug|arm64.ActiveCfg = Debug|Any CPU
		{303B33C3-A525-4000-8D96-2AFC4EFE1635}.Debug|arm64.Build.0 = Debug|Any CPU
		{303B33C3-A525-4000-8D96-2AFC4EFE1635}.Debug|x64.ActiveCfg = Debug|x64
		{303B33C3-A525-4000-8D96-2AFC4EFE1635}.Debug|x64.Build.0 = Debug|x64
		{303B33C3-A525-4000-8D96-2AFC4EFE1635}.Debug|x86.ActiveCfg = Debug|Any CPU
		{303B33C3-A525-4000-8D96-2AFC4EFE1635}.Debug|x86.Build.0 = Debug|Any CPU
		{303B33C3-A525-4000-8D96-2AFC4EFE1635}.Release|Any CPU.ActiveCfg = Release|Any CPU
		{303B33C3-A525-4000-8D96-2AFC4EFE1635}.Release|Any CPU.Build.0 = Release|Any CPU
		{303B33C3-A525-4000-8D96-2AFC4EFE1635}.Release|arm64.ActiveCfg = Release|Any CPU
		{303B33C3-A525-4000-8D96-2AFC4EFE1635}.Release|arm64.Build.0 = Release|Any CPU
		{303B33C3-A525-4000-8D96-2AFC4EFE1635}.Release|x64.ActiveCfg = Release|Any CPU
		{303B33C3-A525-4000-8D96-2AFC4EFE1635}.Release|x64.Build.0 = Release|Any CPU
		{303B33C3-A525-4000-8D96-2AFC4EFE1635}.Release|x86.ActiveCfg = Release|Any CPU
		{303B33C3-A525-4000-8D96-2AFC4EFE1635}.Release|x86.Build.0 = Release|Any CPU
		{377F3794-E9BB-410E-A173-B57902B02FE5}.Debug|Any CPU.ActiveCfg = Debug|x64
		{377F3794-E9BB-410E-A173-B57902B02FE5}.Debug|Any CPU.Build.0 = Debug|x64
		{377F3794-E9BB-410E-A173-B57902B02FE5}.Debug|Any CPU.Deploy.0 = Debug|x64
		{377F3794-E9BB-410E-A173-B57902B02FE5}.Debug|arm64.ActiveCfg = Debug|arm64
		{377F3794-E9BB-410E-A173-B57902B02FE5}.Debug|arm64.Build.0 = Debug|arm64
		{377F3794-E9BB-410E-A173-B57902B02FE5}.Debug|arm64.Deploy.0 = Debug|arm64
		{377F3794-E9BB-410E-A173-B57902B02FE5}.Debug|x64.ActiveCfg = Debug|x64
		{377F3794-E9BB-410E-A173-B57902B02FE5}.Debug|x64.Build.0 = Debug|x64
		{377F3794-E9BB-410E-A173-B57902B02FE5}.Debug|x64.Deploy.0 = Debug|x64
		{377F3794-E9BB-410E-A173-B57902B02FE5}.Debug|x86.ActiveCfg = Debug|x86
		{377F3794-E9BB-410E-A173-B57902B02FE5}.Debug|x86.Build.0 = Debug|x86
		{377F3794-E9BB-410E-A173-B57902B02FE5}.Debug|x86.Deploy.0 = Debug|x86
		{377F3794-E9BB-410E-A173-B57902B02FE5}.Release|Any CPU.ActiveCfg = Release|x64
		{377F3794-E9BB-410E-A173-B57902B02FE5}.Release|Any CPU.Build.0 = Release|x64
		{377F3794-E9BB-410E-A173-B57902B02FE5}.Release|Any CPU.Deploy.0 = Release|x64
		{377F3794-E9BB-410E-A173-B57902B02FE5}.Release|arm64.ActiveCfg = Release|arm64
		{377F3794-E9BB-410E-A173-B57902B02FE5}.Release|arm64.Build.0 = Release|arm64
		{377F3794-E9BB-410E-A173-B57902B02FE5}.Release|arm64.Deploy.0 = Release|arm64
		{377F3794-E9BB-410E-A173-B57902B02FE5}.Release|x64.ActiveCfg = Release|x64
		{377F3794-E9BB-410E-A173-B57902B02FE5}.Release|x64.Build.0 = Release|x64
		{377F3794-E9BB-410E-A173-B57902B02FE5}.Release|x64.Deploy.0 = Release|x64
		{377F3794-E9BB-410E-A173-B57902B02FE5}.Release|x86.ActiveCfg = Release|x86
		{377F3794-E9BB-410E-A173-B57902B02FE5}.Release|x86.Build.0 = Release|x86
		{377F3794-E9BB-410E-A173-B57902B02FE5}.Release|x86.Deploy.0 = Release|x86
		{0114871E-C719-4AB6-AFF5-C23638D791FF}.Debug|Any CPU.ActiveCfg = Debug|Any CPU
		{0114871E-C719-4AB6-AFF5-C23638D791FF}.Debug|Any CPU.Build.0 = Debug|Any CPU
		{0114871E-C719-4AB6-AFF5-C23638D791FF}.Debug|arm64.ActiveCfg = Debug|arm64
		{0114871E-C719-4AB6-AFF5-C23638D791FF}.Debug|arm64.Build.0 = Debug|arm64
		{0114871E-C719-4AB6-AFF5-C23638D791FF}.Debug|x64.ActiveCfg = Debug|x64
		{0114871E-C719-4AB6-AFF5-C23638D791FF}.Debug|x64.Build.0 = Debug|x64
		{0114871E-C719-4AB6-AFF5-C23638D791FF}.Debug|x86.ActiveCfg = Debug|x86
		{0114871E-C719-4AB6-AFF5-C23638D791FF}.Debug|x86.Build.0 = Debug|x86
		{0114871E-C719-4AB6-AFF5-C23638D791FF}.Release|Any CPU.ActiveCfg = Release|Any CPU
		{0114871E-C719-4AB6-AFF5-C23638D791FF}.Release|Any CPU.Build.0 = Release|Any CPU
		{0114871E-C719-4AB6-AFF5-C23638D791FF}.Release|arm64.ActiveCfg = Release|arm64
		{0114871E-C719-4AB6-AFF5-C23638D791FF}.Release|arm64.Build.0 = Release|arm64
		{0114871E-C719-4AB6-AFF5-C23638D791FF}.Release|x64.ActiveCfg = Release|x64
		{0114871E-C719-4AB6-AFF5-C23638D791FF}.Release|x64.Build.0 = Release|x64
		{0114871E-C719-4AB6-AFF5-C23638D791FF}.Release|x86.ActiveCfg = Release|x86
		{0114871E-C719-4AB6-AFF5-C23638D791FF}.Release|x86.Build.0 = Release|x86
		{82DC8EF8-4ADA-4E71-86E3-3DF9E28D247A}.Debug|Any CPU.ActiveCfg = Debug|Any CPU
		{82DC8EF8-4ADA-4E71-86E3-3DF9E28D247A}.Debug|Any CPU.Build.0 = Debug|Any CPU
		{82DC8EF8-4ADA-4E71-86E3-3DF9E28D247A}.Debug|arm64.ActiveCfg = Debug|Any CPU
		{82DC8EF8-4ADA-4E71-86E3-3DF9E28D247A}.Debug|arm64.Build.0 = Debug|Any CPU
		{82DC8EF8-4ADA-4E71-86E3-3DF9E28D247A}.Debug|x64.ActiveCfg = Debug|Any CPU
		{82DC8EF8-4ADA-4E71-86E3-3DF9E28D247A}.Debug|x64.Build.0 = Debug|Any CPU
		{82DC8EF8-4ADA-4E71-86E3-3DF9E28D247A}.Debug|x86.ActiveCfg = Debug|Any CPU
		{82DC8EF8-4ADA-4E71-86E3-3DF9E28D247A}.Debug|x86.Build.0 = Debug|Any CPU
		{82DC8EF8-4ADA-4E71-86E3-3DF9E28D247A}.Release|Any CPU.ActiveCfg = Release|Any CPU
		{82DC8EF8-4ADA-4E71-86E3-3DF9E28D247A}.Release|Any CPU.Build.0 = Release|Any CPU
		{82DC8EF8-4ADA-4E71-86E3-3DF9E28D247A}.Release|arm64.ActiveCfg = Release|Any CPU
		{82DC8EF8-4ADA-4E71-86E3-3DF9E28D247A}.Release|arm64.Build.0 = Release|Any CPU
		{82DC8EF8-4ADA-4E71-86E3-3DF9E28D247A}.Release|x64.ActiveCfg = Release|Any CPU
		{82DC8EF8-4ADA-4E71-86E3-3DF9E28D247A}.Release|x64.Build.0 = Release|Any CPU
		{82DC8EF8-4ADA-4E71-86E3-3DF9E28D247A}.Release|x86.ActiveCfg = Release|Any CPU
		{82DC8EF8-4ADA-4E71-86E3-3DF9E28D247A}.Release|x86.Build.0 = Release|Any CPU
		{A62D138C-D267-47DF-9305-B6AF1E7638B5}.Debug|Any CPU.ActiveCfg = Debug|x64
		{A62D138C-D267-47DF-9305-B6AF1E7638B5}.Debug|Any CPU.Build.0 = Debug|x64
		{A62D138C-D267-47DF-9305-B6AF1E7638B5}.Debug|Any CPU.Deploy.0 = Debug|x64
		{A62D138C-D267-47DF-9305-B6AF1E7638B5}.Debug|arm64.ActiveCfg = Debug|arm64
		{A62D138C-D267-47DF-9305-B6AF1E7638B5}.Debug|arm64.Build.0 = Debug|arm64
		{A62D138C-D267-47DF-9305-B6AF1E7638B5}.Debug|arm64.Deploy.0 = Debug|arm64
		{A62D138C-D267-47DF-9305-B6AF1E7638B5}.Debug|x64.ActiveCfg = Debug|x64
		{A62D138C-D267-47DF-9305-B6AF1E7638B5}.Debug|x64.Build.0 = Debug|x64
		{A62D138C-D267-47DF-9305-B6AF1E7638B5}.Debug|x64.Deploy.0 = Debug|x64
		{A62D138C-D267-47DF-9305-B6AF1E7638B5}.Debug|x86.ActiveCfg = Debug|x86
		{A62D138C-D267-47DF-9305-B6AF1E7638B5}.Debug|x86.Build.0 = Debug|x86
		{A62D138C-D267-47DF-9305-B6AF1E7638B5}.Debug|x86.Deploy.0 = Debug|x86
		{A62D138C-D267-47DF-9305-B6AF1E7638B5}.Release|Any CPU.ActiveCfg = Release|x64
		{A62D138C-D267-47DF-9305-B6AF1E7638B5}.Release|Any CPU.Build.0 = Release|x64
		{A62D138C-D267-47DF-9305-B6AF1E7638B5}.Release|Any CPU.Deploy.0 = Release|x64
		{A62D138C-D267-47DF-9305-B6AF1E7638B5}.Release|arm64.ActiveCfg = Release|arm64
		{A62D138C-D267-47DF-9305-B6AF1E7638B5}.Release|arm64.Build.0 = Release|arm64
		{A62D138C-D267-47DF-9305-B6AF1E7638B5}.Release|arm64.Deploy.0 = Release|arm64
		{A62D138C-D267-47DF-9305-B6AF1E7638B5}.Release|x64.ActiveCfg = Release|x64
		{A62D138C-D267-47DF-9305-B6AF1E7638B5}.Release|x64.Build.0 = Release|x64
		{A62D138C-D267-47DF-9305-B6AF1E7638B5}.Release|x64.Deploy.0 = Release|x64
		{A62D138C-D267-47DF-9305-B6AF1E7638B5}.Release|x86.ActiveCfg = Release|x86
		{A62D138C-D267-47DF-9305-B6AF1E7638B5}.Release|x86.Build.0 = Release|x86
		{A62D138C-D267-47DF-9305-B6AF1E7638B5}.Release|x86.Deploy.0 = Release|x86
		{CB33F9E5-A3DE-4482-942B-CB431A9E5C35}.Debug|Any CPU.ActiveCfg = Debug|Any CPU
		{CB33F9E5-A3DE-4482-942B-CB431A9E5C35}.Debug|Any CPU.Build.0 = Debug|Any CPU
		{CB33F9E5-A3DE-4482-942B-CB431A9E5C35}.Debug|arm64.ActiveCfg = Debug|arm64
		{CB33F9E5-A3DE-4482-942B-CB431A9E5C35}.Debug|arm64.Build.0 = Debug|arm64
		{CB33F9E5-A3DE-4482-942B-CB431A9E5C35}.Debug|x64.ActiveCfg = Debug|x64
		{CB33F9E5-A3DE-4482-942B-CB431A9E5C35}.Debug|x64.Build.0 = Debug|x64
		{CB33F9E5-A3DE-4482-942B-CB431A9E5C35}.Debug|x86.ActiveCfg = Debug|x86
		{CB33F9E5-A3DE-4482-942B-CB431A9E5C35}.Debug|x86.Build.0 = Debug|x86
		{CB33F9E5-A3DE-4482-942B-CB431A9E5C35}.Release|Any CPU.ActiveCfg = Release|Any CPU
		{CB33F9E5-A3DE-4482-942B-CB431A9E5C35}.Release|Any CPU.Build.0 = Release|Any CPU
		{CB33F9E5-A3DE-4482-942B-CB431A9E5C35}.Release|arm64.ActiveCfg = Release|arm64
		{CB33F9E5-A3DE-4482-942B-CB431A9E5C35}.Release|arm64.Build.0 = Release|arm64
		{CB33F9E5-A3DE-4482-942B-CB431A9E5C35}.Release|x64.ActiveCfg = Release|x64
		{CB33F9E5-A3DE-4482-942B-CB431A9E5C35}.Release|x64.Build.0 = Release|x64
		{CB33F9E5-A3DE-4482-942B-CB431A9E5C35}.Release|x86.ActiveCfg = Release|x86
		{CB33F9E5-A3DE-4482-942B-CB431A9E5C35}.Release|x86.Build.0 = Release|x86
	EndGlobalSection
	GlobalSection(SolutionProperties) = preSolution
		HideSolutionNode = FALSE
	EndGlobalSection
	GlobalSection(NestedProjects) = preSolution
		{B0696B7B-33C0-49B3-B8B2-DE07A7FCFBE9} = {063A4721-8CF4-45E1-8C31-1063205BC075}
		{2009E285-78D6-4EC4-8082-5FC798C50BFF} = {063A4721-8CF4-45E1-8C31-1063205BC075}
		{D24C70A5-4564-40EA-87FA-B5D68B235B5D} = {063A4721-8CF4-45E1-8C31-1063205BC075}
		{727F8265-13ED-4955-80CF-001A7F90545A} = {EB8E9F97-1D9F-4A09-80A6-E7F987CCE5BC}
		{14202759-CD0A-4CD0-BFB4-87D08808DF73} = {727F8265-13ED-4955-80CF-001A7F90545A}
		{42278AC9-02CE-4B2E-9BC8-3669D65E4ED8} = {EB8E9F97-1D9F-4A09-80A6-E7F987CCE5BC}
		{2F8E6916-1369-44DC-A4CE-320108B7ACD0} = {42278AC9-02CE-4B2E-9BC8-3669D65E4ED8}
		{E050EAEE-5228-4FEA-A941-C7CCABCE356C} = {2F8E6916-1369-44DC-A4CE-320108B7ACD0}
		{571E9CA9-E784-4527-8E29-92E50883365F} = {AA8D4BF9-9014-4AE8-A8E3-5D4520AC8D65}
		{B0B70DE9-A2E1-49AE-AD12-626CE104166C} = {AA8D4BF9-9014-4AE8-A8E3-5D4520AC8D65}
		{303B33C3-A525-4000-8D96-2AFC4EFE1635} = {AA8D4BF9-9014-4AE8-A8E3-5D4520AC8D65}
		{377F3794-E9BB-410E-A173-B57902B02FE5} = {063A4721-8CF4-45E1-8C31-1063205BC075}
		{0114871E-C719-4AB6-AFF5-C23638D791FF} = {063A4721-8CF4-45E1-8C31-1063205BC075}
		{82DC8EF8-4ADA-4E71-86E3-3DF9E28D247A} = {AA8D4BF9-9014-4AE8-A8E3-5D4520AC8D65}
		{A62D138C-D267-47DF-9305-B6AF1E7638B5} = {063A4721-8CF4-45E1-8C31-1063205BC075}
		{CB33F9E5-A3DE-4482-942B-CB431A9E5C35} = {063A4721-8CF4-45E1-8C31-1063205BC075}
		{9CDC4D1C-6C61-4D58-BB4B-ED95934E8E7B} = {063A4721-8CF4-45E1-8C31-1063205BC075}
	EndGlobalSection
	GlobalSection(ExtensibilityGlobals) = postSolution
		SolutionGuid = {AD190F03-CCFF-45A9-A289-125951E4C16D}
	EndGlobalSection
	GlobalSection(SharedMSBuildProjectFiles) = preSolution
		tests\MDS.Tests.WWWROOT\MDS.Tests.WWWROOT.projitems*{9cdc4d1c-6c61-4d58-bb4b-ed95934e8e7b}*SharedItemsImports = 13
	EndGlobalSection
EndGlobal
